
Microsoft Visual Studio Solution File, Format Version 12.00
# Visual Studio 15
VisualStudioVersion = 15.0.28010.2019
MinimumVisualStudioVersion = 10.0.40219.1
Project("{9A19103F-16F7-4668-BE54-9A1E7A4F7556}") = "AzureFolderMigrator", "src\AzureFolderMigrator\AzureFolderMigrator.csproj", "{AFAFF886-7662-4437-8A5B-8F9956A1544C}"
EndProject
Project("{2150E333-8FDC-42A3-9474-1A3956D46DE8}") = "src", "src", "{034C4785-716A-405D-8F06-CAE868BA67A4}"
EndProject
Project("{9A19103F-16F7-4668-BE54-9A1E7A4F7556}") = ".build", "build\.build.csproj", "{D79AC908-65B8-4F6A-A30E-35E9EF0AD38F}"
EndProject
Global
	GlobalSection(SolutionConfigurationPlatforms) = preSolution
		Debug|Any CPU = Debug|Any CPU
		Release|Any CPU = Release|Any CPU
	EndGlobalSection
	GlobalSection(ProjectConfigurationPlatforms) = postSolution
		{AFAFF886-7662-4437-8A5B-8F9956A1544C}.Debug|Any CPU.ActiveCfg = Debug|Any CPU
		{AFAFF886-7662-4437-8A5B-8F9956A1544C}.Debug|Any CPU.Build.0 = Debug|Any CPU
		{AFAFF886-7662-4437-8A5B-8F9956A1544C}.Release|Any CPU.ActiveCfg = Release|Any CPU
		{AFAFF886-7662-4437-8A5B-8F9956A1544C}.Release|Any CPU.Build.0 = Release|Any CPU
		{D79AC908-65B8-4F6A-A30E-35E9EF0AD38F}.Debug|Any CPU.ActiveCfg = Debug|Any CPU
		{D79AC908-65B8-4F6A-A30E-35E9EF0AD38F}.Debug|Any CPU.Build.0 = Debug|Any CPU
		{D79AC908-65B8-4F6A-A30E-35E9EF0AD38F}.Release|Any CPU.ActiveCfg = Release|Any CPU
		{D79AC908-65B8-4F6A-A30E-35E9EF0AD38F}.Release|Any CPU.Build.0 = Release|Any CPU
	EndGlobalSection
	GlobalSection(SolutionProperties) = preSolution
		HideSolutionNode = FALSE
	EndGlobalSection
	GlobalSection(NestedProjects) = preSolution
		{AFAFF886-7662-4437-8A5B-8F9956A1544C} = {034C4785-716A-405D-8F06-CAE868BA67A4}
	EndGlobalSection
	GlobalSection(ExtensibilityGlobals) = postSolution
		SolutionGuid = {0DFBA084-12C9-46C3-AF0C-03CBAD801B3C}
	EndGlobalSection
EndGlobal
